// !$*UTF8*$!
{
	archiveVersion = 1;
	classes = {
	};
	objectVersion = 46;
	objects = {

/* Begin PBXBuildFile section */
		26FB31DB1E1FD03E4D185C99 /* PresageModule.m in Sources */ = {isa = PBXBuildFile; fileRef = 95D825E99A0FD645C00F00C1 /* PresageModule.m */; };
		42A2C1803AEA92B14FAD318A /* libPods-signal-app-macOS.a in Frameworks */ = {isa = PBXBuildFile; fileRef = 618A2A6ABF8E27A8E3312058 /* libPods-signal-app-macOS.a */; };
		5142014D2437B4B30078DB4F /* AppDelegate.mm in Sources */ = {isa = PBXBuildFile; fileRef = 5142014C2437B4B30078DB4F /* AppDelegate.mm */; };
		514201522437B4B40078DB4F /* Assets.xcassets in Resources */ = {isa = PBXBuildFile; fileRef = 514201512437B4B40078DB4F /* Assets.xcassets */; };
		514201552437B4B40078DB4F /* Main.storyboard in Resources */ = {isa = PBXBuildFile; fileRef = 514201532437B4B40078DB4F /* Main.storyboard */; };
		514201582437B4B40078DB4F /* main.m in Sources */ = {isa = PBXBuildFile; fileRef = 514201572437B4B40078DB4F /* main.m */; };
		5F4D61A2DAE035D60F5B5669 /* PresageModule.swift in Sources */ = {isa = PBXBuildFile; fileRef = 88072ED278358CE35CDB1B3B /* PresageModule.swift */; };
		61A07EBCE7FD3C2C3080354A /* presage_rn.swift in Sources */ = {isa = PBXBuildFile; fileRef = FF4F3294F0B388BC62D496B0 /* presage_rn.swift */; };
		6E1AE3D49BD4788FD7AD7321 /* PrivacyInfo.xcprivacy in Resources */ = {isa = PBXBuildFile; fileRef = 4E9B0F71EAE6838AB6756B60 /* PrivacyInfo.xcprivacy */; };
		A1B2C3D4E5F60718DEADBEEF /* SpaceKeyFix.m in Sources */ = {isa = PBXBuildFile; fileRef = A1B2C3D4E5F60718BEEFDEAD /* SpaceKeyFix.m */; };
		BLUR001A00000000000001 /* GradientBlurView.swift in Sources */ = {isa = PBXBuildFile; fileRef = BLUR001F00000000000001 /* GradientBlurView.swift */; };
		BLUR001A00000000000002 /* GradientBlurViewManager.m in Sources */ = {isa = PBXBuildFile; fileRef = BLUR001F00000000000002 /* GradientBlurViewManager.m */; };
		CF281B0187CE890B79CD7141 /* PrivacyInfo.xcprivacy in Resources */ = {isa = PBXBuildFile; fileRef = 4E9B0F71EAE6838AB6756B60 /* PrivacyInfo.xcprivacy */; };
		CMDP001A00000000000001 /* CommandPalettePanel.swift in Sources */ = {isa = PBXBuildFile; fileRef = CMDP001F00000000000001 /* CommandPalettePanel.swift */; };
		CMDP001A00000000000002 /* CommandPaletteModule.swift in Sources */ = {isa = PBXBuildFile; fileRef = CMDP001F00000000000002 /* CommandPaletteModule.swift */; };
		CMDP001A00000000000003 /* CommandPaletteModule.m in Sources */ = {isa = PBXBuildFile; fileRef = CMDP001F00000000000003 /* CommandPaletteModule.m */; };
		F3C9B14F6A74289C100C59FD /* libpresage_rn.a in Frameworks */ = {isa = PBXBuildFile; fileRef = 136E792A8A613D523E99B308 /* libpresage_rn.a */; };
		GLASS001A00000000000001 /* GlassEffectView.swift in Sources */ = {isa = PBXBuildFile; fileRef = GLASS001F00000000000001 /* GlassEffectView.swift */; };
		GLASS001A00000000000002 /* GlassEffectViewManager.m in Sources */ = {isa = PBXBuildFile; fileRef = GLASS001F00000000000002 /* GlassEffectViewManager.m */; };
		GLASS001A00000000000003 /* GlassContainerView.swift in Sources */ = {isa = PBXBuildFile; fileRef = GLASS001F00000000000003 /* GlassContainerView.swift */; };
		GLASS001A00000000000004 /* GlassContainerViewManager.m in Sources */ = {isa = PBXBuildFile; fileRef = GLASS001F00000000000004 /* GlassContainerViewManager.m */; };
		GLASS001A00000000000005 /* GlassButton.swift in Sources */ = {isa = PBXBuildFile; fileRef = GLASS001F00000000000005 /* GlassButton.swift */; };
		GLASS001A00000000000006 /* GlassButtonManager.m in Sources */ = {isa = PBXBuildFile; fileRef = GLASS001F00000000000006 /* GlassButtonManager.m */; };
		SCRL001A00000000000001 /* ScrollFix.m in Sources */ = {isa = PBXBuildFile; fileRef = SCRL001F00000000000001 /* ScrollFix.m */; };
/* End PBXBuildFile section */

/* Begin PBXFileReference section */
		1104BA0ADED36CD1B3542D86 /* Pods-signal-app-macOS.release.xcconfig */ = {isa = PBXFileReference; includeInIndex = 1; lastKnownFileType = text.xcconfig; name = "Pods-signal-app-macOS.release.xcconfig"; path = "Target Support Files/Pods-signal-app-macOS/Pods-signal-app-macOS.release.xcconfig"; sourceTree = "<group>"; };
		117182038BA723E288796968 /* presage_rnFFI.h */ = {isa = PBXFileReference; includeInIndex = 1; lastKnownFileType = sourcecode.c.h; path = presage_rnFFI.h; sourceTree = "<group>"; };
		136E792A8A613D523E99B308 /* libpresage_rn.a */ = {isa = PBXFileReference; includeInIndex = 1; lastKnownFileType = archive.ar; path = libpresage_rn.a; sourceTree = "<group>"; };
		13883A8C2AA72399992DC76D /* signal-app-macOS-Bridging-Header.h */ = {isa = PBXFileReference; includeInIndex = 1; lastKnownFileType = sourcecode.c.h; path = "signal-app-macOS-Bridging-Header.h"; sourceTree = "<group>"; };
		13B07F961A680F5B00A75B9A /* signal-app.app */ = {isa = PBXFileReference; explicitFileType = wrapper.application; includeInIndex = 0; path = "signal-app.app"; sourceTree = BUILT_PRODUCTS_DIR; };
		4E9B0F71EAE6838AB6756B60 /* PrivacyInfo.xcprivacy */ = {isa = PBXFileReference; includeInIndex = 1; path = PrivacyInfo.xcprivacy; sourceTree = "<group>"; };
		514201492437B4B30078DB4F /* signal-app.app */ = {isa = PBXFileReference; explicitFileType = wrapper.application; includeInIndex = 0; path = "signal-app.app"; sourceTree = BUILT_PRODUCTS_DIR; };
		5142014B2437B4B30078DB4F /* AppDelegate.h */ = {isa = PBXFileReference; lastKnownFileType = sourcecode.c.h; path = AppDelegate.h; sourceTree = "<group>"; };
		5142014C2437B4B30078DB4F /* AppDelegate.mm */ = {isa = PBXFileReference; lastKnownFileType = sourcecode.cpp.objcpp; path = AppDelegate.mm; sourceTree = "<group>"; };
		514201512437B4B40078DB4F /* Assets.xcassets */ = {isa = PBXFileReference; lastKnownFileType = folder.assetcatalog; path = Assets.xcassets; sourceTree = "<group>"; };
		514201542437B4B40078DB4F /* Base */ = {isa = PBXFileReference; lastKnownFileType = file.storyboard; name = Base; path = Base.lproj/Main.storyboard; sourceTree = "<group>"; };
		514201562437B4B40078DB4F /* Info.plist */ = {isa = PBXFileReference; lastKnownFileType = text.plist.xml; path = Info.plist; sourceTree = "<group>"; };
		514201572437B4B40078DB4F /* main.m */ = {isa = PBXFileReference; lastKnownFileType = sourcecode.c.objc; path = main.m; sourceTree = "<group>"; };
		514201592437B4B40078DB4F /* signal-app.entitlements */ = {isa = PBXFileReference; lastKnownFileType = text.plist.entitlements; path = "signal-app.entitlements"; sourceTree = "<group>"; };
		618A2A6ABF8E27A8E3312058 /* libPods-signal-app-macOS.a */ = {isa = PBXFileReference; explicitFileType = archive.ar; includeInIndex = 0; path = "libPods-signal-app-macOS.a"; sourceTree = BUILT_PRODUCTS_DIR; };
		88072ED278358CE35CDB1B3B /* PresageModule.swift */ = {isa = PBXFileReference; includeInIndex = 1; lastKnownFileType = sourcecode.swift; path = PresageModule.swift; sourceTree = "<group>"; };
		95D825E99A0FD645C00F00C1 /* PresageModule.m */ = {isa = PBXFileReference; includeInIndex = 1; lastKnownFileType = sourcecode.c.objc; path = PresageModule.m; sourceTree = "<group>"; };
		A1B2C3D4E5F60718BEEFDEAD /* SpaceKeyFix.m */ = {isa = PBXFileReference; includeInIndex = 1; lastKnownFileType = sourcecode.c.objc; path = SpaceKeyFix.m; sourceTree = "<group>"; };
		BLUR001F00000000000001 /* GradientBlurView.swift */ = {isa = PBXFileReference; lastKnownFileType = sourcecode.swift; path = GradientBlurView.swift; sourceTree = "<group>"; };
		BLUR001F00000000000002 /* GradientBlurViewManager.m */ = {isa = PBXFileReference; lastKnownFileType = sourcecode.c.objc; path = GradientBlurViewManager.m; sourceTree = "<group>"; };
		CMDP001F00000000000001 /* CommandPalettePanel.swift */ = {isa = PBXFileReference; lastKnownFileType = sourcecode.swift; path = CommandPalettePanel.swift; sourceTree = "<group>"; };
		CMDP001F00000000000002 /* CommandPaletteModule.swift */ = {isa = PBXFileReference; lastKnownFileType = sourcecode.swift; path = CommandPaletteModule.swift; sourceTree = "<group>"; };
		CMDP001F00000000000003 /* CommandPaletteModule.m */ = {isa = PBXFileReference; lastKnownFileType = sourcecode.c.objc; path = CommandPaletteModule.m; sourceTree = "<group>"; };
		D07DEBCB56BA0C05D6686F13 /* Pods-signal-app-macOS.debug.xcconfig */ = {isa = PBXFileReference; includeInIndex = 1; lastKnownFileType = text.xcconfig; name = "Pods-signal-app-macOS.debug.xcconfig"; path = "Target Support Files/Pods-signal-app-macOS/Pods-signal-app-macOS.debug.xcconfig"; sourceTree = "<group>"; };
		ED297162215061F000B7C4FE /* JavaScriptCore.framework */ = {isa = PBXFileReference; lastKnownFileType = wrapper.framework; name = JavaScriptCore.framework; path = System/Library/Frameworks/JavaScriptCore.framework; sourceTree = SDKROOT; };
		FF4F3294F0B388BC62D496B0 /* presage_rn.swift */ = {isa = PBXFileReference; includeInIndex = 1; lastKnownFileType = sourcecode.swift; path = presage_rn.swift; sourceTree = "<group>"; };
		GLASS001F00000000000001 /* GlassEffectView.swift */ = {isa = PBXFileReference; lastKnownFileType = sourcecode.swift; path = GlassEffectView.swift; sourceTree = "<group>"; };
		GLASS001F00000000000002 /* GlassEffectViewManager.m */ = {isa = PBXFileReference; lastKnownFileType = sourcecode.c.objc; path = GlassEffectViewManager.m; sourceTree = "<group>"; };
		GLASS001F00000000000003 /* GlassContainerView.swift */ = {isa = PBXFileReference; lastKnownFileType = sourcecode.swift; path = GlassContainerView.swift; sourceTree = "<group>"; };
		GLASS001F00000000000004 /* GlassContainerViewManager.m */ = {isa = PBXFileReference; lastKnownFileType = sourcecode.c.objc; path = GlassContainerViewManager.m; sourceTree = "<group>"; };
		GLASS001F00000000000005 /* GlassButton.swift */ = {isa = PBXFileReference; lastKnownFileType = sourcecode.swift; path = GlassButton.swift; sourceTree = "<group>"; };
		GLASS001F00000000000006 /* GlassButtonManager.m */ = {isa = PBXFileReference; lastKnownFileType = sourcecode.c.objc; path = GlassButtonManager.m; sourceTree = "<group>"; };
		SCRL001F00000000000001 /* ScrollFix.m */ = {isa = PBXFileReference; includeInIndex = 1; lastKnownFileType = sourcecode.c.objc; path = ScrollFix.m; sourceTree = "<group>"; };
/* End PBXFileReference section */

/* Begin PBXFrameworksBuildPhase section */
		13B07F8C1A680F5B00A75B9A /* Frameworks */ = {
			isa = PBXFrameworksBuildPhase;
			buildActionMask = 2147483647;
			files = (
			);
			runOnlyForDeploymentPostprocessing = 0;
		};
		514201462437B4B30078DB4F /* Frameworks */ = {
			isa = PBXFrameworksBuildPhase;
			buildActionMask = 2147483647;
			files = (
				42A2C1803AEA92B14FAD318A /* libPods-signal-app-macOS.a in Frameworks */,
				F3C9B14F6A74289C100C59FD /* libpresage_rn.a in Frameworks */,
			);
			runOnlyForDeploymentPostprocessing = 0;
		};
/* End PBXFrameworksBuildPhase section */

/* Begin PBXGroup section */
		0050503A19392F57F2FEA2CC /* Pods */ = {
			isa = PBXGroup;
			children = (
				D07DEBCB56BA0C05D6686F13 /* Pods-signal-app-macOS.debug.xcconfig */,
				1104BA0ADED36CD1B3542D86 /* Pods-signal-app-macOS.release.xcconfig */,
			);
			name = Pods;
			path = Pods;
			sourceTree = "<group>";
		};
		2D16E6871FA4F8E400B85C8A /* Frameworks */ = {
			isa = PBXGroup;
			children = (
				ED297162215061F000B7C4FE /* JavaScriptCore.framework */,
				618A2A6ABF8E27A8E3312058 /* libPods-signal-app-macOS.a */,
			);
			name = Frameworks;
			sourceTree = "<group>";
		};
		5142014A2437B4B30078DB4F /* signal-app-macOS */ = {
			isa = PBXGroup;
			children = (
				5142014B2437B4B30078DB4F /* AppDelegate.h */,
				5142014C2437B4B30078DB4F /* AppDelegate.mm */,
				514201512437B4B40078DB4F /* Assets.xcassets */,
				514201532437B4B40078DB4F /* Main.storyboard */,
				514201562437B4B40078DB4F /* Info.plist */,
				514201572437B4B40078DB4F /* main.m */,
				514201592437B4B40078DB4F /* signal-app.entitlements */,
				13883A8C2AA72399992DC76D /* signal-app-macOS-Bridging-Header.h */,
				88072ED278358CE35CDB1B3B /* PresageModule.swift */,
				95D825E99A0FD645C00F00C1 /* PresageModule.m */,
				A1B2C3D4E5F60718BEEFDEAD /* SpaceKeyFix.m */,
				SCRL001F00000000000001 /* ScrollFix.m */,
				GLASS001F00000000000001 /* GlassEffectView.swift */,
				GLASS001F00000000000002 /* GlassEffectViewManager.m */,
				GLASS001F00000000000003 /* GlassContainerView.swift */,
				GLASS001F00000000000004 /* GlassContainerViewManager.m */,
				GLASS001F00000000000005 /* GlassButton.swift */,
				GLASS001F00000000000006 /* GlassButtonManager.m */,
				BLUR001F00000000000001 /* GradientBlurView.swift */,
				BLUR001F00000000000002 /* GradientBlurViewManager.m */,
				CMDP001F00000000000001 /* CommandPalettePanel.swift */,
				CMDP001F00000000000002 /* CommandPaletteModule.swift */,
				CMDP001F00000000000003 /* CommandPaletteModule.m */,
			);
			path = "signal-app-macOS";
			sourceTree = "<group>";
		};
		832341AE1AAA6A7D00B99B32 /* Libraries */ = {
			isa = PBXGroup;
			children = (
			);
			name = Libraries;
			sourceTree = "<group>";
		};
		83CBB9F61A601CBA00E9B192 = {
			isa = PBXGroup;
			children = (
				5142014A2437B4B30078DB4F /* signal-app-macOS */,
				832341AE1AAA6A7D00B99B32 /* Libraries */,
				83CBBA001A601CBA00E9B192 /* Products */,
				2D16E6871FA4F8E400B85C8A /* Frameworks */,
				4E9B0F71EAE6838AB6756B60 /* PrivacyInfo.xcprivacy */,
				0050503A19392F57F2FEA2CC /* Pods */,
				BBF01EDF05525C736F748E06 /* Generated */,
			);
			indentWidth = 2;
			sourceTree = "<group>";
			tabWidth = 2;
			usesTabs = 0;
		};
		83CBBA001A601CBA00E9B192 /* Products */ = {
			isa = PBXGroup;
			children = (
				13B07F961A680F5B00A75B9A /* signal-app.app */,
				514201492437B4B30078DB4F /* signal-app.app */,
			);
			name = Products;
			sourceTree = "<group>";
		};
		BBF01EDF05525C736F748E06 /* Generated */ = {
			isa = PBXGroup;
			children = (
				FF4F3294F0B388BC62D496B0 /* presage_rn.swift */,
				117182038BA723E288796968 /* presage_rnFFI.h */,
				136E792A8A613D523E99B308 /* libpresage_rn.a */,
			);
			name = Generated;
			path = Generated;
			sourceTree = "<group>";
		};
/* End PBXGroup section */

/* Begin PBXNativeTarget section */
		13B07F861A680F5B00A75B9A /* signal-app-iOS */ = {
			isa = PBXNativeTarget;
			buildConfigurationList = 13B07F931A680F5B00A75B9A /* Build configuration list for PBXNativeTarget "signal-app-iOS" */;
			buildPhases = (
				13B07F871A680F5B00A75B9A /* Sources */,
				13B07F8C1A680F5B00A75B9A /* Frameworks */,
				13B07F8E1A680F5B00A75B9A /* Resources */,
				00DD1BFF1BD5951E006B06BC /* Bundle React Native code and images */,
			);
			buildRules = (
			);
			dependencies = (
			);
			name = "signal-app-iOS";
			productName = "signal-app";
			productReference = 13B07F961A680F5B00A75B9A /* signal-app.app */;
			productType = "com.apple.product-type.application";
		};
		514201482437B4B30078DB4F /* signal-app-macOS */ = {
			isa = PBXNativeTarget;
			buildConfigurationList = 5142015A2437B4B40078DB4F /* Build configuration list for PBXNativeTarget "signal-app-macOS" */;
			buildPhases = (
				1A938104A937498D81B3BD3B /* [CP] Check Pods Manifest.lock */,
				514201452437B4B30078DB4F /* Sources */,
				514201462437B4B30078DB4F /* Frameworks */,
				514201472437B4B30078DB4F /* Resources */,
				381D8A6E24576A4E00465D17 /* Bundle React Native code and images */,
				149B2B4DF44DA8CF11B13DDA /* [CP] Embed Pods Frameworks */,
				F7BC1A2E3A098A7FC67BAEB8 /* [CP] Copy Pods Resources */,
			);
			buildRules = (
			);
			dependencies = (
			);
			name = "signal-app-macOS";
			productName = "signal-app";
			productReference = 514201492437B4B30078DB4F /* signal-app.app */;
			productType = "com.apple.product-type.application";
		};
/* End PBXNativeTarget section */

/* Begin PBXProject section */
		83CBB9F71A601CBA00E9B192 /* Project object */ = {
			isa = PBXProject;
			attributes = {
				LastUpgradeCheck = 1130;
				TargetAttributes = {
					13B07F861A680F5B00A75B9A = {
						LastSwiftMigration = 1120;
					};
					514201482437B4B30078DB4F = {
						CreatedOnToolsVersion = 11.4;
						ProvisioningStyle = Automatic;
					};
				};
			};
			buildConfigurationList = 83CBB9FA1A601CBA00E9B192 /* Build configuration list for PBXProject "signal-app" */;
			compatibilityVersion = "Xcode 3.2";
			developmentRegion = en;
			hasScannedForEncodings = 0;
			knownRegions = (
				en,
				Base,
			);
			mainGroup = 83CBB9F61A601CBA00E9B192;
			productRefGroup = 83CBBA001A601CBA00E9B192 /* Products */;
			projectDirPath = "";
			projectRoot = "";
			targets = (
				13B07F861A680F5B00A75B9A /* signal-app-iOS */,
				514201482437B4B30078DB4F /* signal-app-macOS */,
			);
		};
/* End PBXProject section */

/* Begin PBXResourcesBuildPhase section */
		13B07F8E1A680F5B00A75B9A /* Resources */ = {
			isa = PBXResourcesBuildPhase;
			buildActionMask = 2147483647;
			files = (
				6E1AE3D49BD4788FD7AD7321 /* PrivacyInfo.xcprivacy in Resources */,
			);
			runOnlyForDeploymentPostprocessing = 0;
		};
		514201472437B4B30078DB4F /* Resources */ = {
			isa = PBXResourcesBuildPhase;
			buildActionMask = 2147483647;
			files = (
				514201522437B4B40078DB4F /* Assets.xcassets in Resources */,
				514201552437B4B40078DB4F /* Main.storyboard in Resources */,
				CF281B0187CE890B79CD7141 /* PrivacyInfo.xcprivacy in Resources */,
			);
			runOnlyForDeploymentPostprocessing = 0;
		};
/* End PBXResourcesBuildPhase section */

/* Begin PBXShellScriptBuildPhase section */
		00DD1BFF1BD5951E006B06BC /* Bundle React Native code and images */ = {
			isa = PBXShellScriptBuildPhase;
			buildActionMask = 2147483647;
			files = (
			);
			inputPaths = (
			);
			name = "Bundle React Native code and images";
			outputPaths = (
			);
			runOnlyForDeploymentPostprocessing = 0;
			shellPath = /bin/sh;
			shellScript = "export NODE_BINARY=node\n../node_modules/react-native-macos/scripts/react-native-xcode.sh\n";
		};
		149B2B4DF44DA8CF11B13DDA /* [CP] Embed Pods Frameworks */ = {
			isa = PBXShellScriptBuildPhase;
			buildActionMask = 2147483647;
			files = (
			);
			inputPaths = (
				"${PODS_ROOT}/Target Support Files/Pods-signal-app-macOS/Pods-signal-app-macOS-frameworks.sh",
				"${PODS_ROOT}/hermes-engine/destroot/Library/Frameworks/macosx/hermes.framework",
			);
			name = "[CP] Embed Pods Frameworks";
			outputPaths = (
				"${TARGET_BUILD_DIR}/${FRAMEWORKS_FOLDER_PATH}/hermes.framework",
			);
			runOnlyForDeploymentPostprocessing = 0;
			shellPath = /bin/sh;
			shellScript = "\"${PODS_ROOT}/Target Support Files/Pods-signal-app-macOS/Pods-signal-app-macOS-frameworks.sh\"\n";
			showEnvVarsInLog = 0;
		};
		1A938104A937498D81B3BD3B /* [CP] Check Pods Manifest.lock */ = {
			isa = PBXShellScriptBuildPhase;
			buildActionMask = 2147483647;
			files = (
			);
			inputFileListPaths = (
			);
			inputPaths = (
				"${PODS_PODFILE_DIR_PATH}/Podfile.lock",
				"${PODS_ROOT}/Manifest.lock",
			);
			name = "[CP] Check Pods Manifest.lock";
			outputFileListPaths = (
			);
			outputPaths = (
				"$(DERIVED_FILE_DIR)/Pods-signal-app-macOS-checkManifestLockResult.txt",
			);
			runOnlyForDeploymentPostprocessing = 0;
			shellPath = /bin/sh;
			shellScript = "diff \"${PODS_PODFILE_DIR_PATH}/Podfile.lock\" \"${PODS_ROOT}/Manifest.lock\" > /dev/null\nif [ $? != 0 ] ; then\n    # print error to STDERR\n    echo \"error: The sandbox is not in sync with the Podfile.lock. Run 'pod install' or update your CocoaPods installation.\" >&2\n    exit 1\nfi\n# This output is used by Xcode 'outputs' to avoid re-running this script phase.\necho \"SUCCESS\" > \"${SCRIPT_OUTPUT_FILE_0}\"\n";
			showEnvVarsInLog = 0;
		};
		381D8A6E24576A4E00465D17 /* Bundle React Native code and images */ = {
			isa = PBXShellScriptBuildPhase;
			buildActionMask = 2147483647;
			files = (
			);
			inputFileListPaths = (
			);
			inputPaths = (
			);
			name = "Bundle React Native code and images";
			outputFileListPaths = (
			);
			outputPaths = (
			);
			runOnlyForDeploymentPostprocessing = 0;
			shellPath = /bin/sh;
			shellScript = "export NODE_BINARY=node\n../node_modules/react-native-macos/scripts/react-native-xcode.sh\n";
		};
		F7BC1A2E3A098A7FC67BAEB8 /* [CP] Copy Pods Resources */ = {
			isa = PBXShellScriptBuildPhase;
			buildActionMask = 2147483647;
			files = (
			);
			inputPaths = (
				"${PODS_ROOT}/Target Support Files/Pods-signal-app-macOS/Pods-signal-app-macOS-resources.sh",
				"${PODS_CONFIGURATION_BUILD_DIR}/RCT-Folly/RCT-Folly_privacy.bundle",
				"${PODS_CONFIGURATION_BUILD_DIR}/RNSVG/RNSVGFilters.bundle",
				"${PODS_CONFIGURATION_BUILD_DIR}/React-Core/React-Core_privacy.bundle",
				"${PODS_CONFIGURATION_BUILD_DIR}/React-cxxreact/React-cxxreact_privacy.bundle",
				"${PODS_CONFIGURATION_BUILD_DIR}/boost/boost_privacy.bundle",
				"${PODS_CONFIGURATION_BUILD_DIR}/glog/glog_privacy.bundle",
			);
			name = "[CP] Copy Pods Resources";
			outputPaths = (
				"${TARGET_BUILD_DIR}/${UNLOCALIZED_RESOURCES_FOLDER_PATH}/RCT-Folly_privacy.bundle",
				"${TARGET_BUILD_DIR}/${UNLOCALIZED_RESOURCES_FOLDER_PATH}/RNSVGFilters.bundle",
				"${TARGET_BUILD_DIR}/${UNLOCALIZED_RESOURCES_FOLDER_PATH}/React-Core_privacy.bundle",
				"${TARGET_BUILD_DIR}/${UNLOCALIZED_RESOURCES_FOLDER_PATH}/React-cxxreact_privacy.bundle",
				"${TARGET_BUILD_DIR}/${UNLOCALIZED_RESOURCES_FOLDER_PATH}/boost_privacy.bundle",
				"${TARGET_BUILD_DIR}/${UNLOCALIZED_RESOURCES_FOLDER_PATH}/glog_privacy.bundle",
			);
			runOnlyForDeploymentPostprocessing = 0;
			shellPath = /bin/sh;
			shellScript = "\"${PODS_ROOT}/Target Support Files/Pods-signal-app-macOS/Pods-signal-app-macOS-resources.sh\"\n";
			showEnvVarsInLog = 0;
		};
/* End PBXShellScriptBuildPhase section */

/* Begin PBXSourcesBuildPhase section */
		13B07F871A680F5B00A75B9A /* Sources */ = {
			isa = PBXSourcesBuildPhase;
			buildActionMask = 2147483647;
			files = (
			);
			runOnlyForDeploymentPostprocessing = 0;
		};
		514201452437B4B30078DB4F /* Sources */ = {
			isa = PBXSourcesBuildPhase;
			buildActionMask = 2147483647;
			files = (
				514201582437B4B40078DB4F /* main.m in Sources */,
				5142014D2437B4B30078DB4F /* AppDelegate.mm in Sources */,
				5F4D61A2DAE035D60F5B5669 /* PresageModule.swift in Sources */,
				26FB31DB1E1FD03E4D185C99 /* PresageModule.m in Sources */,
				A1B2C3D4E5F60718DEADBEEF /* SpaceKeyFix.m in Sources */,
				SCRL001A00000000000001 /* ScrollFix.m in Sources */,
				61A07EBCE7FD3C2C3080354A /* presage_rn.swift in Sources */,
				GLASS001A00000000000001 /* GlassEffectView.swift in Sources */,
				GLASS001A00000000000002 /* GlassEffectViewManager.m in Sources */,
				GLASS001A00000000000003 /* GlassContainerView.swift in Sources */,
				GLASS001A00000000000004 /* GlassContainerViewManager.m in Sources */,
				GLASS001A00000000000005 /* GlassButton.swift in Sources */,
				GLASS001A00000000000006 /* GlassButtonManager.m in Sources */,
				BLUR001A00000000000001 /* GradientBlurView.swift in Sources */,
				BLUR001A00000000000002 /* GradientBlurViewManager.m in Sources */,
				CMDP001A00000000000001 /* CommandPalettePanel.swift in Sources */,
				CMDP001A00000000000002 /* CommandPaletteModule.swift in Sources */,
				CMDP001A00000000000003 /* CommandPaletteModule.m in Sources */,
			);
			runOnlyForDeploymentPostprocessing = 0;
		};
/* End PBXSourcesBuildPhase section */

/* Begin PBXVariantGroup section */
		514201532437B4B40078DB4F /* Main.storyboard */ = {
			isa = PBXVariantGroup;
			children = (
				514201542437B4B40078DB4F /* Base */,
			);
			name = Main.storyboard;
			sourceTree = "<group>";
		};
/* End PBXVariantGroup section */

/* Begin XCBuildConfiguration section */
		13B07F941A680F5B00A75B9A /* Debug */ = {
			isa = XCBuildConfiguration;
			buildSettings = {
				ASSETCATALOG_COMPILER_APPICON_NAME = AppIcon;
				CLANG_ENABLE_MODULES = YES;
				CURRENT_PROJECT_VERSION = 1;
				ENABLE_BITCODE = NO;
				INFOPLIST_FILE = "signal-app-iOS/Info.plist";
				LD_RUNPATH_SEARCH_PATHS = "$(inherited) @executable_path/Frameworks";
				OTHER_LDFLAGS = (
					"$(inherited)",
					"-ObjC",
					"-lc++",
				);
				PRODUCT_BUNDLE_IDENTIFIER = "org.reactjs.native.$(PRODUCT_NAME:rfc1034identifier)";
				PRODUCT_NAME = "signal-app";
				SWIFT_OPTIMIZATION_LEVEL = "-Onone";
				SWIFT_VERSION = 5.0;
				VERSIONING_SYSTEM = "apple-generic";
			};
			name = Debug;
		};
		13B07F951A680F5B00A75B9A /* Release */ = {
			isa = XCBuildConfiguration;
			buildSettings = {
				ASSETCATALOG_COMPILER_APPICON_NAME = AppIcon;
				CLANG_ENABLE_MODULES = YES;
				CURRENT_PROJECT_VERSION = 1;
				INFOPLIST_FILE = "signal-app-iOS/Info.plist";
				LD_RUNPATH_SEARCH_PATHS = "$(inherited) @executable_path/Frameworks";
				OTHER_LDFLAGS = (
					"$(inherited)",
					"-ObjC",
					"-lc++",
				);
				PRODUCT_BUNDLE_IDENTIFIER = "org.reactjs.native.$(PRODUCT_NAME:rfc1034identifier)";
				PRODUCT_NAME = "signal-app";
				SWIFT_VERSION = 5.0;
				VERSIONING_SYSTEM = "apple-generic";
			};
			name = Release;
		};
		5142015B2437B4B40078DB4F /* Debug */ = {
			isa = XCBuildConfiguration;
			baseConfigurationReference = D07DEBCB56BA0C05D6686F13 /* Pods-signal-app-macOS.debug.xcconfig */;
			buildSettings = {
				ASSETCATALOG_COMPILER_APPICON_NAME = AppIcon;
				CLANG_ENABLE_MODULES = YES;
				CURRENT_PROJECT_VERSION = 1;
				DEAD_CODE_STRIPPING = NO;
				HEADER_SEARCH_PATHS = (
					"$(inherited)",
					"$(SRCROOT)/Generated",
				);
				INFOPLIST_FILE = "signal-app-macos/Info.plist";
				LD_RUNPATH_SEARCH_PATHS = "$(inherited) @executable_path/Frameworks";
				LIBRARY_SEARCH_PATHS = (
					"$(SDKROOT)/usr/lib/swift",
					"$(inherited)",
					"$(SRCROOT)/Generated",
				);
				MACOSX_DEPLOYMENT_TARGET = 26.0;
				OTHER_LDFLAGS = (
					"$(inherited)",
					"-ObjC",
					"-lc++",
				);
				PRODUCT_BUNDLE_IDENTIFIER = "org.reactjs.native.$(PRODUCT_NAME:rfc1034identifier)";
				PRODUCT_NAME = Hush;
				SDKROOT = macosx;
				SWIFT_INCLUDE_PATHS = "$(inherited) $(SRCROOT)/Generated";
				SWIFT_OBJC_BRIDGING_HEADER = "signal-app-macOS/signal-app-macOS-Bridging-Header.h";
				SWIFT_OPTIMIZATION_LEVEL = "-Onone";
				SWIFT_VERSION = 5.0;
			};
			name = Debug;
		};
		5142015C2437B4B40078DB4F /* Release */ = {
			isa = XCBuildConfiguration;
			baseConfigurationReference = 1104BA0ADED36CD1B3542D86 /* Pods-signal-app-macOS.release.xcconfig */;
			buildSettings = {
				ASSETCATALOG_COMPILER_APPICON_NAME = AppIcon;
				CLANG_ENABLE_MODULES = YES;
				CURRENT_PROJECT_VERSION = 1;
				HEADER_SEARCH_PATHS = (
					"$(inherited)",
					"$(SRCROOT)/Generated",
				);
				INFOPLIST_FILE = "signal-app-macos/Info.plist";
				LD_RUNPATH_SEARCH_PATHS = "$(inherited) @executable_path/Frameworks";
				LIBRARY_SEARCH_PATHS = (
					"$(SDKROOT)/usr/lib/swift",
					"$(inherited)",
					"$(SRCROOT)/Generated",
				);
				MACOSX_DEPLOYMENT_TARGET = 26.0;
				OTHER_LDFLAGS = (
					"$(inherited)",
					"-ObjC",
					"-lc++",
				);
				PRODUCT_BUNDLE_IDENTIFIER = "org.reactjs.native.$(PRODUCT_NAME:rfc1034identifier)";
				PRODUCT_NAME = Hush;
				SDKROOT = macosx;
				SWIFT_INCLUDE_PATHS = "$(inherited) $(SRCROOT)/Generated";
				SWIFT_OBJC_BRIDGING_HEADER = "signal-app-macOS/signal-app-macOS-Bridging-Header.h";
				SWIFT_VERSION = 5.0;
			};
			name = Release;
		};
		83CBBA201A601CBA00E9B192 /* Debug */ = {
			isa = XCBuildConfiguration;
			buildSettings = {
				ALWAYS_SEARCH_USER_PATHS = NO;
				CLANG_ANALYZER_LOCALIZABILITY_NONLOCALIZED = YES;
				CLANG_CXX_LANGUAGE_STANDARD = "c++20";
				CLANG_CXX_LIBRARY = "libc++";
				CLANG_ENABLE_MODULES = YES;
				CLANG_ENABLE_OBJC_ARC = YES;
				CLANG_WARN_BLOCK_CAPTURE_AUTORELEASING = YES;
				CLANG_WARN_BOOL_CONVERSION = YES;
				CLANG_WARN_COMMA = YES;
				CLANG_WARN_CONSTANT_CONVERSION = YES;
				CLANG_WARN_DEPRECATED_OBJC_IMPLEMENTATIONS = YES;
				CLANG_WARN_DIRECT_OBJC_ISA_USAGE = YES_ERROR;
				CLANG_WARN_EMPTY_BODY = YES;
				CLANG_WARN_ENUM_CONVERSION = YES;
				CLANG_WARN_INFINITE_RECURSION = YES;
				CLANG_WARN_INT_CONVERSION = YES;
				CLANG_WARN_NON_LITERAL_NULL_CONVERSION = YES;
				CLANG_WARN_OBJC_IMPLICIT_RETAIN_SELF = YES;
				CLANG_WARN_OBJC_LITERAL_CONVERSION = YES;
				CLANG_WARN_OBJC_ROOT_CLASS = YES_ERROR;
				CLANG_WARN_RANGE_LOOP_ANALYSIS = YES;
				CLANG_WARN_STRICT_PROTOTYPES = YES;
				CLANG_WARN_SUSPICIOUS_MOVE = YES;
				CLANG_WARN_UNREACHABLE_CODE = YES;
				CLANG_WARN__DUPLICATE_METHOD_MATCH = YES;
				"CODE_SIGN_IDENTITY[sdk=iphoneos*]" = "iPhone Developer";
				COPY_PHASE_STRIP = NO;
				ENABLE_STRICT_OBJC_MSGSEND = YES;
				ENABLE_TESTABILITY = YES;
				GCC_C_LANGUAGE_STANDARD = gnu99;
				GCC_DYNAMIC_NO_PIC = NO;
				GCC_NO_COMMON_BLOCKS = YES;
				GCC_OPTIMIZATION_LEVEL = 0;
				GCC_PREPROCESSOR_DEFINITIONS = (
					"DEBUG=1",
					"$(inherited)",
				);
				GCC_SYMBOLS_PRIVATE_EXTERN = NO;
				GCC_WARN_64_TO_32_BIT_CONVERSION = YES;
				GCC_WARN_ABOUT_RETURN_TYPE = YES_ERROR;
				GCC_WARN_UNDECLARED_SELECTOR = YES;
				GCC_WARN_UNINITIALIZED_AUTOS = YES_AGGRESSIVE;
				GCC_WARN_UNUSED_FUNCTION = YES;
				GCC_WARN_UNUSED_VARIABLE = YES;
				IPHONEOS_DEPLOYMENT_TARGET = 9.0;
				LD_RUNPATH_SEARCH_PATHS = "/usr/lib/swift $(inherited)";
				LIBRARY_SEARCH_PATHS = (
					"$(SDKROOT)/usr/lib/swift",
					"\"$(TOOLCHAIN_DIR)/usr/lib/swift/$(PLATFORM_NAME)\"",
					"\"$(inherited)\"",
				);
				MTL_ENABLE_DEBUG_INFO = YES;
				ONLY_ACTIVE_ARCH = YES;
				REACT_NATIVE_PATH = "${PODS_ROOT}/../../node_modules/react-native";
				SDKROOT = iphoneos;
				SWIFT_ACTIVE_COMPILATION_CONDITIONS = "$(inherited) DEBUG";
				USE_HERMES = true;
			};
			name = Debug;
		};
		83CBBA211A601CBA00E9B192 /* Release */ = {
			isa = XCBuildConfiguration;
			buildSettings = {
				ALWAYS_SEARCH_USER_PATHS = NO;
				CLANG_ANALYZER_LOCALIZABILITY_NONLOCALIZED = YES;
				CLANG_CXX_LANGUAGE_STANDARD = "c++20";
				CLANG_CXX_LIBRARY = "libc++";
				CLANG_ENABLE_MODULES = YES;
				CLANG_ENABLE_OBJC_ARC = YES;
				CLANG_WARN_BLOCK_CAPTURE_AUTORELEASING = YES;
				CLANG_WARN_BOOL_CONVERSION = YES;
				CLANG_WARN_COMMA = YES;
				CLANG_WARN_CONSTANT_CONVERSION = YES;
				CLANG_WARN_DEPRECATED_OBJC_IMPLEMENTATIONS = YES;
				CLANG_WARN_DIRECT_OBJC_ISA_USAGE = YES_ERROR;
				CLANG_WARN_EMPTY_BODY = YES;
				CLANG_WARN_ENUM_CONVERSION = YES;
				CLANG_WARN_INFINITE_RECURSION = YES;
				CLANG_WARN_INT_CONVERSION = YES;
				CLANG_WARN_NON_LITERAL_NULL_CONVERSION = YES;
				CLANG_WARN_OBJC_IMPLICIT_RETAIN_SELF = YES;
				CLANG_WARN_OBJC_LITERAL_CONVERSION = YES;
				CLANG_WARN_OBJC_ROOT_CLASS = YES_ERROR;
				CLANG_WARN_RANGE_LOOP_ANALYSIS = YES;
				CLANG_WARN_STRICT_PROTOTYPES = YES;
				CLANG_WARN_SUSPICIOUS_MOVE = YES;
				CLANG_WARN_UNREACHABLE_CODE = YES;
				CLANG_WARN__DUPLICATE_METHOD_MATCH = YES;
				"CODE_SIGN_IDENTITY[sdk=iphoneos*]" = "iPhone Developer";
				COPY_PHASE_STRIP = YES;
				ENABLE_NS_ASSERTIONS = NO;
				ENABLE_STRICT_OBJC_MSGSEND = YES;
				GCC_C_LANGUAGE_STANDARD = gnu99;
				GCC_NO_COMMON_BLOCKS = YES;
				GCC_WARN_64_TO_32_BIT_CONVERSION = YES;
				GCC_WARN_ABOUT_RETURN_TYPE = YES_ERROR;
				GCC_WARN_UNDECLARED_SELECTOR = YES;
				GCC_WARN_UNINITIALIZED_AUTOS = YES_AGGRESSIVE;
				GCC_WARN_UNUSED_FUNCTION = YES;
				GCC_WARN_UNUSED_VARIABLE = YES;
				IPHONEOS_DEPLOYMENT_TARGET = 9.0;
				LD_RUNPATH_SEARCH_PATHS = "/usr/lib/swift $(inherited)";
				LIBRARY_SEARCH_PATHS = (
					"$(SDKROOT)/usr/lib/swift",
					"\"$(TOOLCHAIN_DIR)/usr/lib/swift/$(PLATFORM_NAME)\"",
					"\"$(inherited)\"",
				);
				MTL_ENABLE_DEBUG_INFO = NO;
				REACT_NATIVE_PATH = "${PODS_ROOT}/../../node_modules/react-native";
				SDKROOT = iphoneos;
				USE_HERMES = true;
				VALIDATE_PRODUCT = YES;
			};
			name = Release;
		};
/* End XCBuildConfiguration section */

/* Begin XCConfigurationList section */
		13B07F931A680F5B00A75B9A /* Build configuration list for PBXNativeTarget "signal-app-iOS" */ = {
			isa = XCConfigurationList;
			buildConfigurations = (
				13B07F941A680F5B00A75B9A /* Debug */,
				13B07F951A680F5B00A75B9A /* Release */,
			);
			defaultConfigurationIsVisible = 0;
			defaultConfigurationName = Release;
		};
		5142015A2437B4B40078DB4F /* Build configuration list for PBXNativeTarget "signal-app-macOS" */ = {
			isa = XCConfigurationList;
			buildConfigurations = (
				5142015B2437B4B40078DB4F /* Debug */,
				5142015C2437B4B40078DB4F /* Release */,
			);
			defaultConfigurationIsVisible = 0;
			defaultConfigurationName = Release;
		};
		83CBB9FA1A601CBA00E9B192 /* Build configuration list for PBXProject "signal-app" */ = {
			isa = XCConfigurationList;
			buildConfigurations = (
				83CBBA201A601CBA00E9B192 /* Debug */,
				83CBBA211A601CBA00E9B192 /* Release */,
			);
			defaultConfigurationIsVisible = 0;
			defaultConfigurationName = Release;
		};
/* End XCConfigurationList section */
	};
	rootObject = 83CBB9F71A601CBA00E9B192 /* Project object */;
}
